
Microsoft Visual Studio Solution File, Format Version 12.00
# Visual Studio 14
VisualStudioVersion = 14.0.25420.1
MinimumVisualStudioVersion = 10.0.40219.1
Project("{F184B08F-C81C-45F6-A57F-5ABD9991F28F}") = "Kriwan_Stromsenke", "bunifu_test\Kriwan_Stromsenke.vbproj", "{405C9F8A-93A3-4175-A5BC-F2932FAD2997}"
EndProject
Global
	GlobalSection(SolutionConfigurationPlatforms) = preSolution
		Debug|Any CPU = Debug|Any CPU
		Release|Any CPU = Release|Any CPU
	EndGlobalSection
	GlobalSection(ProjectConfigurationPlatforms) = postSolution
		{405C9F8A-93A3-4175-A5BC-F2932FAD2997}.Debug|Any CPU.ActiveCfg = Debug|Any CPU
		{405C9F8A-93A3-4175-A5BC-F2932FAD2997}.Debug|Any CPU.Build.0 = Debug|Any CPU
		{405C9F8A-93A3-4175-A5BC-F2932FAD2997}.Release|Any CPU.ActiveCfg = Release|Any CPU
		{405C9F8A-93A3-4175-A5BC-F2932FAD2997}.Release|Any CPU.Build.0 = Release|Any CPU
	EndGlobalSection
	GlobalSection(SolutionProperties) = preSolution
		HideSolutionNode = FALSE
	EndGlobalSection
EndGlobal
